github.com/samber/mo v1.13.0 h1:LB1OwfJMju3a6FjghH+AIvzMG0ZPOzgTWj1qaHs1IQ4=
github.com/samber/mo v1.13.0/go.mod h1:BfkrCPuYzVG3ZljnZB783WIJIGk1mcZr9c9CPf8tAxs=
golang.org/x/text v0.19.0 h1:kTxAhCbGbxhK0IwgSKiMO5awPoDQ0RpfiVYBfK860YM=
golang.org/x/text v0.19.0/go.mod h1:BuEKDfySbSR4drPmRPG/7iBdf8hvFMuRexcpahXilzY=
